// !$*UTF8*$!
{
	archiveVersion = 1;
	classes = {
	};
	objectVersion = 56;
	objects = {

/* Begin PBXBuildFile section */
		4C42C40928DDA986006F66F0 /* IngDetailCollectionViewCell.swift in Sources */ = {isa = PBXBuildFile; fileRef = 4C42C40828DDA986006F66F0 /* IngDetailCollectionViewCell.swift */; };
		4C5A72A828D4962D002C2482 /* AppDelegate.swift in Sources */ = {isa = PBXBuildFile; fileRef = 4C5A72A728D4962D002C2482 /* AppDelegate.swift */; };
		4C5A72AA28D4962D002C2482 /* SceneDelegate.swift in Sources */ = {isa = PBXBuildFile; fileRef = 4C5A72A928D4962D002C2482 /* SceneDelegate.swift */; };
		4C5A72AC28D4962D002C2482 /* ViewController.swift in Sources */ = {isa = PBXBuildFile; fileRef = 4C5A72AB28D4962D002C2482 /* ViewController.swift */; };
		4C5A72AF28D4962D002C2482 /* Main.storyboard in Resources */ = {isa = PBXBuildFile; fileRef = 4C5A72AD28D4962D002C2482 /* Main.storyboard */; };
		4C5A72B128D4962D002C2482 /* Assets.xcassets in Resources */ = {isa = PBXBuildFile; fileRef = 4C5A72B028D4962D002C2482 /* Assets.xcassets */; };
		4C5A72B428D4962D002C2482 /* LaunchScreen.storyboard in Resources */ = {isa = PBXBuildFile; fileRef = 4C5A72B228D4962D002C2482 /* LaunchScreen.storyboard */; };
		4C5A72BC28D4A2D0002C2482 /* LoginViewController.swift in Sources */ = {isa = PBXBuildFile; fileRef = 4C5A72BB28D4A2D0002C2482 /* LoginViewController.swift */; };
		4C5A72C028D4B4FF002C2482 /* addIngredientsCVCController.swift in Sources */ = {isa = PBXBuildFile; fileRef = 4C5A72BF28D4B4FF002C2482 /* addIngredientsCVCController.swift */; };
		4C6ADDE729013C7B002042BF /* KitchenProfiIntro3.mp4 in Resources */ = {isa = PBXBuildFile; fileRef = 4C6ADDE629013C7B002042BF /* KitchenProfiIntro3.mp4 */; };
		4C7FBE8528DDA4A100097D81 /* Model.xcdatamodeld in Sources */ = {isa = PBXBuildFile; fileRef = 4C7FBE8328DDA4A100097D81 /* Model.xcdatamodeld */; };
		4C96426C28FFECD2001700C3 /* FirebaseAnalytics in Frameworks */ = {isa = PBXBuildFile; productRef = 4C96426B28FFECD2001700C3 /* FirebaseAnalytics */; };
		4C96426E28FFECD2001700C3 /* FirebaseAuth in Frameworks */ = {isa = PBXBuildFile; productRef = 4C96426D28FFECD2001700C3 /* FirebaseAuth */; };
		4C96427028FFECD2001700C3 /* FirebaseFirestore in Frameworks */ = {isa = PBXBuildFile; productRef = 4C96426F28FFECD2001700C3 /* FirebaseFirestore */; };
		4C964272290006EA001700C3 /* Constants.swift in Sources */ = {isa = PBXBuildFile; fileRef = 4C964271290006EA001700C3 /* Constants.swift */; };
		4CA5430B28FD5503004189E7 /* RegistViewController.swift in Sources */ = {isa = PBXBuildFile; fileRef = 4CA5430A28FD5503004189E7 /* RegistViewController.swift */; };
		4CA5430F28FEA588004189E7 /* Utilities.swift in Sources */ = {isa = PBXBuildFile; fileRef = 4CA5430E28FEA588004189E7 /* Utilities.swift */; };
		4CA5431228FEB989004189E7 /* GoogleService-Info.plist in Resources */ = {isa = PBXBuildFile; fileRef = 4CA5431128FEB988004189E7 /* GoogleService-Info.plist */; };
/* End PBXBuildFile section */

/* Begin PBXFileReference section */
		4C42C40828DDA986006F66F0 /* IngDetailCollectionViewCell.swift */ = {isa = PBXFileReference; lastKnownFileType = sourcecode.swift; path = IngDetailCollectionViewCell.swift; sourceTree = SOURCE_ROOT; };
		4C5A72A428D4962D002C2482 /* KitchenProfiMaster.app */ = {isa = PBXFileReference; explicitFileType = wrapper.application; includeInIndex = 0; path = KitchenProfiMaster.app; sourceTree = BUILT_PRODUCTS_DIR; };
		4C5A72A728D4962D002C2482 /* AppDelegate.swift */ = {isa = PBXFileReference; lastKnownFileType = sourcecode.swift; path = AppDelegate.swift; sourceTree = "<group>"; };
		4C5A72A928D4962D002C2482 /* SceneDelegate.swift */ = {isa = PBXFileReference; lastKnownFileType = sourcecode.swift; path = SceneDelegate.swift; sourceTree = "<group>"; };
		4C5A72AB28D4962D002C2482 /* ViewController.swift */ = {isa = PBXFileReference; lastKnownFileType = sourcecode.swift; path = ViewController.swift; sourceTree = "<group>"; };
		4C5A72AE28D4962D002C2482 /* Base */ = {isa = PBXFileReference; lastKnownFileType = file.storyboard; name = Base; path = Base.lproj/Main.storyboard; sourceTree = "<group>"; };
		4C5A72B028D4962D002C2482 /* Assets.xcassets */ = {isa = PBXFileReference; lastKnownFileType = folder.assetcatalog; path = Assets.xcassets; sourceTree = "<group>"; };
		4C5A72B328D4962D002C2482 /* Base */ = {isa = PBXFileReference; lastKnownFileType = file.storyboard; name = Base; path = Base.lproj/LaunchScreen.storyboard; sourceTree = "<group>"; };
		4C5A72B528D4962D002C2482 /* Info.plist */ = {isa = PBXFileReference; lastKnownFileType = text.plist.xml; path = Info.plist; sourceTree = "<group>"; };
		4C5A72BB28D4A2D0002C2482 /* LoginViewController.swift */ = {isa = PBXFileReference; lastKnownFileType = sourcecode.swift; path = LoginViewController.swift; sourceTree = "<group>"; };
		4C5A72BF28D4B4FF002C2482 /* addIngredientsCVCController.swift */ = {isa = PBXFileReference; lastKnownFileType = sourcecode.swift; path = addIngredientsCVCController.swift; sourceTree = "<group>"; };
		4C6ADDE629013C7B002042BF /* KitchenProfiIntro3.mp4 */ = {isa = PBXFileReference; lastKnownFileType = file; path = KitchenProfiIntro3.mp4; sourceTree = "<group>"; };
		4C7FBE8428DDA4A100097D81 /* Model.xcdatamodel */ = {isa = PBXFileReference; lastKnownFileType = wrapper.xcdatamodel; path = Model.xcdatamodel; sourceTree = "<group>"; };
		4C964271290006EA001700C3 /* Constants.swift */ = {isa = PBXFileReference; lastKnownFileType = sourcecode.swift; path = Constants.swift; sourceTree = "<group>"; };
		4CA5430A28FD5503004189E7 /* RegistViewController.swift */ = {isa = PBXFileReference; lastKnownFileType = sourcecode.swift; name = RegistViewController.swift; path = KitchenProfiMaster/Regi_Login/RegistViewController.swift; sourceTree = SOURCE_ROOT; };
		4CA5430E28FEA588004189E7 /* Utilities.swift */ = {isa = PBXFileReference; fileEncoding = 4; lastKnownFileType = sourcecode.swift; path = Utilities.swift; sourceTree = "<group>"; };
		4CA5431128FEB988004189E7 /* GoogleService-Info.plist */ = {isa = PBXFileReference; fileEncoding = 4; lastKnownFileType = text.plist.xml; path = "GoogleService-Info.plist"; sourceTree = "<group>"; };
/* End PBXFileReference section */

/* Begin PBXFrameworksBuildPhase section */
		4C5A72A128D4962C002C2482 /* Frameworks */ = {
			isa = PBXFrameworksBuildPhase;
			buildActionMask = 2147483647;
			files = (
				4C96426C28FFECD2001700C3 /* FirebaseAnalytics in Frameworks */,
				4C96426E28FFECD2001700C3 /* FirebaseAuth in Frameworks */,
				4C96427028FFECD2001700C3 /* FirebaseFirestore in Frameworks */,
			);
			runOnlyForDeploymentPostprocessing = 0;
		};
/* End PBXFrameworksBuildPhase section */

/* Begin PBXGroup section */
		4C5A729B28D4962C002C2482 = {
			isa = PBXGroup;
			children = (
				4C5A72A628D4962D002C2482 /* KitchenProfiMaster */,
				4C5A72A528D4962D002C2482 /* Products */,
			);
			sourceTree = "<group>";
		};
		4C5A72A528D4962D002C2482 /* Products */ = {
			isa = PBXGroup;
			children = (
				4C5A72A428D4962D002C2482 /* KitchenProfiMaster.app */,
			);
			name = Products;
			sourceTree = "<group>";
		};
		4C5A72A628D4962D002C2482 /* KitchenProfiMaster */ = {
			isa = PBXGroup;
			children = (
				4C6ADDDF2900BF89002042BF /* Media */,
				4CA5431028FEA59A004189E7 /* Hilfe */,
				4CA5430C28FD7ACF004189E7 /* Regi_Login */,
				4C7FBE8828DDA86D00097D81 /* Ingredients */,
				4C5A72A728D4962D002C2482 /* AppDelegate.swift */,
				4C5A72A928D4962D002C2482 /* SceneDelegate.swift */,
				4C5A72AB28D4962D002C2482 /* ViewController.swift */,
				4C5A72AD28D4962D002C2482 /* Main.storyboard */,
				4C5A72B028D4962D002C2482 /* Assets.xcassets */,
				4C5A72B228D4962D002C2482 /* LaunchScreen.storyboard */,
				4CA5431128FEB988004189E7 /* GoogleService-Info.plist */,
				4C5A72B528D4962D002C2482 /* Info.plist */,
				4C7FBE8328DDA4A100097D81 /* Model.xcdatamodeld */,
			);
			path = KitchenProfiMaster;
			sourceTree = "<group>";
		};
		4C6ADDDF2900BF89002042BF /* Media */ = {
			isa = PBXGroup;
			children = (
				4C6ADDE629013C7B002042BF /* KitchenProfiIntro3.mp4 */,
			);
			path = Media;
			sourceTree = "<group>";
		};
		4C7FBE8828DDA86D00097D81 /* Ingredients */ = {
			isa = PBXGroup;
			children = (
				4C42C40828DDA986006F66F0 /* IngDetailCollectionViewCell.swift */,
				4C5A72BF28D4B4FF002C2482 /* addIngredientsCVCController.swift */,
			);
			path = Ingredients;
			sourceTree = "<group>";
		};
		4CA5430C28FD7ACF004189E7 /* Regi_Login */ = {
			isa = PBXGroup;
			children = (
				4CA5430A28FD5503004189E7 /* RegistViewController.swift */,
				4C5A72BB28D4A2D0002C2482 /* LoginViewController.swift */,
			);
			path = Regi_Login;
			sourceTree = "<group>";
		};
		4CA5431028FEA59A004189E7 /* Hilfe */ = {
			isa = PBXGroup;
			children = (
				4CA5430E28FEA588004189E7 /* Utilities.swift */,
				4C964271290006EA001700C3 /* Constants.swift */,
			);
			path = Hilfe;
			sourceTree = "<group>";
		};
/* End PBXGroup section */

/* Begin PBXNativeTarget section */
		4C5A72A328D4962C002C2482 /* KitchenProfiMaster */ = {
			isa = PBXNativeTarget;
			buildConfigurationList = 4C5A72B828D4962D002C2482 /* Build configuration list for PBXNativeTarget "KitchenProfiMaster" */;
			buildPhases = (
				4C5A72A028D4962C002C2482 /* Sources */,
				4C5A72A128D4962C002C2482 /* Frameworks */,
				4C5A72A228D4962C002C2482 /* Resources */,
			);
			buildRules = (
			);
			dependencies = (
			);
			name = KitchenProfiMaster;
			packageProductDependencies = (
				4C96426B28FFECD2001700C3 /* FirebaseAnalytics */,
				4C96426D28FFECD2001700C3 /* FirebaseAuth */,
				4C96426F28FFECD2001700C3 /* FirebaseFirestore */,
			);
			productName = KitchenProfiMaster;
			productReference = 4C5A72A428D4962D002C2482 /* KitchenProfiMaster.app */;
			productType = "com.apple.product-type.application";
		};
/* End PBXNativeTarget section */

/* Begin PBXProject section */
		4C5A729C28D4962C002C2482 /* Project object */ = {
			isa = PBXProject;
			attributes = {
				BuildIndependentTargetsInParallel = 1;
				LastSwiftUpdateCheck = 1400;
				LastUpgradeCheck = 1400;
				TargetAttributes = {
					4C5A72A328D4962C002C2482 = {
						CreatedOnToolsVersion = 14.0;
					};
				};
			};
			buildConfigurationList = 4C5A729F28D4962C002C2482 /* Build configuration list for PBXProject "KitchenProfiMaster" */;
			compatibilityVersion = "Xcode 14.0";
			developmentRegion = en;
			hasScannedForEncodings = 0;
			knownRegions = (
				en,
				Base,
			);
			mainGroup = 4C5A729B28D4962C002C2482;
			packageReferences = (
				4C96426A28FFECD2001700C3 /* XCRemoteSwiftPackageReference "firebase-ios-sdk" */,
			);
			productRefGroup = 4C5A72A528D4962D002C2482 /* Products */;
			projectDirPath = "";
			projectRoot = "";
			targets = (
				4C5A72A328D4962C002C2482 /* KitchenProfiMaster */,
			);
		};
/* End PBXProject section */

/* Begin PBXResourcesBuildPhase section */
		4C5A72A228D4962C002C2482 /* Resources */ = {
			isa = PBXResourcesBuildPhase;
			buildActionMask = 2147483647;
			files = (
				4C5A72B428D4962D002C2482 /* LaunchScreen.storyboard in Resources */,
				4CA5431228FEB989004189E7 /* GoogleService-Info.plist in Resources */,
				4C6ADDE729013C7B002042BF /* KitchenProfiIntro3.mp4 in Resources */,
				4C5A72B128D4962D002C2482 /* Assets.xcassets in Resources */,
				4C5A72AF28D4962D002C2482 /* Main.storyboard in Resources */,
			);
			runOnlyForDeploymentPostprocessing = 0;
		};
/* End PBXResourcesBuildPhase section */

/* Begin PBXSourcesBuildPhase section */
		4C5A72A028D4962C002C2482 /* Sources */ = {
			isa = PBXSourcesBuildPhase;
			buildActionMask = 2147483647;
			files = (
				4C42C40928DDA986006F66F0 /* IngDetailCollectionViewCell.swift in Sources */,
				4C5A72BC28D4A2D0002C2482 /* LoginViewController.swift in Sources */,
				4CA5430B28FD5503004189E7 /* RegistViewController.swift in Sources */,
				4C5A72AC28D4962D002C2482 /* ViewController.swift in Sources */,
				4C5A72A828D4962D002C2482 /* AppDelegate.swift in Sources */,
				4C964272290006EA001700C3 /* Constants.swift in Sources */,
				4C5A72AA28D4962D002C2482 /* SceneDelegate.swift in Sources */,
				4CA5430F28FEA588004189E7 /* Utilities.swift in Sources */,
				4C5A72C028D4B4FF002C2482 /* addIngredientsCVCController.swift in Sources */,
				4C7FBE8528DDA4A100097D81 /* Model.xcdatamodeld in Sources */,
			);
			runOnlyForDeploymentPostprocessing = 0;
		};
/* End PBXSourcesBuildPhase section */

/* Begin PBXVariantGroup section */
		4C5A72AD28D4962D002C2482 /* Main.storyboard */ = {
			isa = PBXVariantGroup;
			children = (
				4C5A72AE28D4962D002C2482 /* Base */,
			);
			name = Main.storyboard;
			sourceTree = "<group>";
		};
		4C5A72B228D4962D002C2482 /* LaunchScreen.storyboard */ = {
			isa = PBXVariantGroup;
			children = (
				4C5A72B328D4962D002C2482 /* Base */,
			);
			name = LaunchScreen.storyboard;
			sourceTree = "<group>";
		};
/* End PBXVariantGroup section */

/* Begin XCBuildConfiguration section */
		4C5A72B628D4962D002C2482 /* Debug */ = {
			isa = XCBuildConfiguration;
			buildSettings = {
				ALWAYS_SEARCH_USER_PATHS = NO;
				CLANG_ANALYZER_NONNULL = YES;
				CLANG_ANALYZER_NUMBER_OBJECT_CONVERSION = YES_AGGRESSIVE;
				CLANG_CXX_LANGUAGE_STANDARD = "gnu++20";
				CLANG_ENABLE_MODULES = YES;
				CLANG_ENABLE_OBJC_ARC = YES;
				CLANG_ENABLE_OBJC_WEAK = YES;
				CLANG_WARN_BLOCK_CAPTURE_AUTORELEASING = YES;
				CLANG_WARN_BOOL_CONVERSION = YES;
				CLANG_WARN_COMMA = YES;
				CLANG_WARN_CONSTANT_CONVERSION = YES;
				CLANG_WARN_DEPRECATED_OBJC_IMPLEMENTATIONS = YES;
				CLANG_WARN_DIRECT_OBJC_ISA_USAGE = YES_ERROR;
				CLANG_WARN_DOCUMENTATION_COMMENTS = YES;
				CLANG_WARN_EMPTY_BODY = YES;
				CLANG_WARN_ENUM_CONVERSION = YES;
				CLANG_WARN_INFINITE_RECURSION = YES;
				CLANG_WARN_INT_CONVERSION = YES;
				CLANG_WARN_NON_LITERAL_NULL_CONVERSION = YES;
				CLANG_WARN_OBJC_IMPLICIT_RETAIN_SELF = YES;
				CLANG_WARN_OBJC_LITERAL_CONVERSION = YES;
				CLANG_WARN_OBJC_ROOT_CLASS = YES_ERROR;
				CLANG_WARN_QUOTED_INCLUDE_IN_FRAMEWORK_HEADER = YES;
				CLANG_WARN_RANGE_LOOP_ANALYSIS = YES;
				CLANG_WARN_STRICT_PROTOTYPES = YES;
				CLANG_WARN_SUSPICIOUS_MOVE = YES;
				CLANG_WARN_UNGUARDED_AVAILABILITY = YES_AGGRESSIVE;
				CLANG_WARN_UNREACHABLE_CODE = YES;
				CLANG_WARN__DUPLICATE_METHOD_MATCH = YES;
				COPY_PHASE_STRIP = NO;
				DEBUG_INFORMATION_FORMAT = dwarf;
				ENABLE_STRICT_OBJC_MSGSEND = YES;
				ENABLE_TESTABILITY = YES;
				GCC_C_LANGUAGE_STANDARD = gnu11;
				GCC_DYNAMIC_NO_PIC = NO;
				GCC_NO_COMMON_BLOCKS = YES;
				GCC_OPTIMIZATION_LEVEL = 0;
				GCC_PREPROCESSOR_DEFINITIONS = (
					"DEBUG=1",
					"$(inherited)",
				);
				GCC_WARN_64_TO_32_BIT_CONVERSION = YES;
				GCC_WARN_ABOUT_RETURN_TYPE = YES_ERROR;
				GCC_WARN_UNDECLARED_SELECTOR = YES;
				GCC_WARN_UNINITIALIZED_AUTOS = YES_AGGRESSIVE;
				GCC_WARN_UNUSED_FUNCTION = YES;
				GCC_WARN_UNUSED_VARIABLE = YES;
				IPHONEOS_DEPLOYMENT_TARGET = 16.0;
				MTL_ENABLE_DEBUG_INFO = INCLUDE_SOURCE;
				MTL_FAST_MATH = YES;
				ONLY_ACTIVE_ARCH = YES;
				SDKROOT = iphoneos;
				SWIFT_ACTIVE_COMPILATION_CONDITIONS = DEBUG;
				SWIFT_OPTIMIZATION_LEVEL = "-Onone";
			};
			name = Debug;
		};
		4C5A72B728D4962D002C2482 /* Release */ = {
			isa = XCBuildConfiguration;
			buildSettings = {
				ALWAYS_SEARCH_USER_PATHS = NO;
				CLANG_ANALYZER_NONNULL = YES;
				CLANG_ANALYZER_NUMBER_OBJECT_CONVERSION = YES_AGGRESSIVE;
				CLANG_CXX_LANGUAGE_STANDARD = "gnu++20";
				CLANG_ENABLE_MODULES = YES;
				CLANG_ENABLE_OBJC_ARC = YES;
				CLANG_ENABLE_OBJC_WEAK = YES;
				CLANG_WARN_BLOCK_CAPTURE_AUTORELEASING = YES;
				CLANG_WARN_BOOL_CONVERSION = YES;
				CLANG_WARN_COMMA = YES;
				CLANG_WARN_CONSTANT_CONVERSION = YES;
				CLANG_WARN_DEPRECATED_OBJC_IMPLEMENTATIONS = YES;
				CLANG_WARN_DIRECT_OBJC_ISA_USAGE = YES_ERROR;
				CLANG_WARN_DOCUMENTATION_COMMENTS = YES;
				CLANG_WARN_EMPTY_BODY = YES;
				CLANG_WARN_ENUM_CONVERSION = YES;
				CLANG_WARN_INFINITE_RECURSION = YES;
				CLANG_WARN_INT_CONVERSION = YES;
				CLANG_WARN_NON_LITERAL_NULL_CONVERSION = YES;
				CLANG_WARN_OBJC_IMPLICIT_RETAIN_SELF = YES;
				CLANG_WARN_OBJC_LITERAL_CONVERSION = YES;
				CLANG_WARN_OBJC_ROOT_CLASS = YES_ERROR;
				CLANG_WARN_QUOTED_INCLUDE_IN_FRAMEWORK_HEADER = YES;
				CLANG_WARN_RANGE_LOOP_ANALYSIS = YES;
				CLANG_WARN_STRICT_PROTOTYPES = YES;
				CLANG_WARN_SUSPICIOUS_MOVE = YES;
				CLANG_WARN_UNGUARDED_AVAILABILITY = YES_AGGRESSIVE;
				CLANG_WARN_UNREACHABLE_CODE = YES;
				CLANG_WARN__DUPLICATE_METHOD_MATCH = YES;
				COPY_PHASE_STRIP = NO;
				DEBUG_INFORMATION_FORMAT = "dwarf-with-dsym";
				ENABLE_NS_ASSERTIONS = NO;
				ENABLE_STRICT_OBJC_MSGSEND = YES;
				GCC_C_LANGUAGE_STANDARD = gnu11;
				GCC_NO_COMMON_BLOCKS = YES;
				GCC_WARN_64_TO_32_BIT_CONVERSION = YES;
				GCC_WARN_ABOUT_RETURN_TYPE = YES_ERROR;
				GCC_WARN_UNDECLARED_SELECTOR = YES;
				GCC_WARN_UNINITIALIZED_AUTOS = YES_AGGRESSIVE;
				GCC_WARN_UNUSED_FUNCTION = YES;
				GCC_WARN_UNUSED_VARIABLE = YES;
				IPHONEOS_DEPLOYMENT_TARGET = 16.0;
				MTL_ENABLE_DEBUG_INFO = NO;
				MTL_FAST_MATH = YES;
				SDKROOT = iphoneos;
				SWIFT_COMPILATION_MODE = wholemodule;
				SWIFT_OPTIMIZATION_LEVEL = "-O";
				VALIDATE_PRODUCT = YES;
			};
			name = Release;
		};
		4C5A72B928D4962D002C2482 /* Debug */ = {
			isa = XCBuildConfiguration;
			buildSettings = {
				ASSETCATALOG_COMPILER_APPICON_NAME = AppIcon;
				ASSETCATALOG_COMPILER_GLOBAL_ACCENT_COLOR_NAME = AccentColor;
				CODE_SIGN_STYLE = Automatic;
				CURRENT_PROJECT_VERSION = 1;
				GENERATE_INFOPLIST_FILE = YES;
				INFOPLIST_FILE = KitchenProfiMaster/Info.plist;
				INFOPLIST_KEY_UIApplicationSupportsIndirectInputEvents = YES;
				INFOPLIST_KEY_UILaunchStoryboardName = LaunchScreen;
				INFOPLIST_KEY_UIMainStoryboardFile = Main;
				INFOPLIST_KEY_UISupportedInterfaceOrientations_iPad = "UIInterfaceOrientationPortrait UIInterfaceOrientationPortraitUpsideDown UIInterfaceOrientationLandscapeLeft UIInterfaceOrientationLandscapeRight";
				INFOPLIST_KEY_UISupportedInterfaceOrientations_iPhone = "UIInterfaceOrientationPortrait UIInterfaceOrientationLandscapeLeft UIInterfaceOrientationLandscapeRight";
				LD_RUNPATH_SEARCH_PATHS = (
					"$(inherited)",
					"@executable_path/Frameworks",
				);
				MARKETING_VERSION = 1.0;
				PRODUCT_BUNDLE_IDENTIFIER = Eugen.Ganske.KitchenProfiMaster;
				PRODUCT_NAME = "$(TARGET_NAME)";
				SWIFT_EMIT_LOC_STRINGS = YES;
				SWIFT_VERSION = 5.0;
				TARGETED_DEVICE_FAMILY = "1,2";
			};
			name = Debug;
		};
		4C5A72BA28D4962D002C2482 /* Release */ = {
			isa = XCBuildConfiguration;
			buildSettings = {
				ASSETCATALOG_COMPILER_APPICON_NAME = AppIcon;
				ASSETCATALOG_COMPILER_GLOBAL_ACCENT_COLOR_NAME = AccentColor;
				CODE_SIGN_STYLE = Automatic;
				CURRENT_PROJECT_VERSION = 1;
				GENERATE_INFOPLIST_FILE = YES;
				INFOPLIST_FILE = KitchenProfiMaster/Info.plist;
				INFOPLIST_KEY_UIApplicationSupportsIndirectInputEvents = YES;
				INFOPLIST_KEY_UILaunchStoryboardName = LaunchScreen;
				INFOPLIST_KEY_UIMainStoryboardFile = Main;
				INFOPLIST_KEY_UISupportedInterfaceOrientations_iPad = "UIInterfaceOrientationPortrait UIInterfaceOrientationPortraitUpsideDown UIInterfaceOrientationLandscapeLeft UIInterfaceOrientationLandscapeRight";
				INFOPLIST_KEY_UISupportedInterfaceOrientations_iPhone = "UIInterfaceOrientationPortrait UIInterfaceOrientationLandscapeLeft UIInterfaceOrientationLandscapeRight";
				LD_RUNPATH_SEARCH_PATHS = (
					"$(inherited)",
					"@executable_path/Frameworks",
				);
				MARKETING_VERSION = 1.0;
				PRODUCT_BUNDLE_IDENTIFIER = Eugen.Ganske.KitchenProfiMaster;
				PRODUCT_NAME = "$(TARGET_NAME)";
				SWIFT_EMIT_LOC_STRINGS = YES;
				SWIFT_VERSION = 5.0;
				TARGETED_DEVICE_FAMILY = "1,2";
			};
			name = Release;
		};
/* End XCBuildConfiguration section */

/* Begin XCConfigurationList section */
		4C5A729F28D4962C002C2482 /* Build configuration list for PBXProject "KitchenProfiMaster" */ = {
			isa = XCConfigurationList;
			buildConfigurations = (
				4C5A72B628D4962D002C2482 /* Debug */,
				4C5A72B728D4962D002C2482 /* Release */,
			);
			defaultConfigurationIsVisible = 0;
			defaultConfigurationName = Release;
		};
		4C5A72B828D4962D002C2482 /* Build configuration list for PBXNativeTarget "KitchenProfiMaster" */ = {
			isa = XCConfigurationList;
			buildConfigurations = (
				4C5A72B928D4962D002C2482 /* Debug */,
				4C5A72BA28D4962D002C2482 /* Release */,
			);
			defaultConfigurationIsVisible = 0;
			defaultConfigurationName = Release;
		};
/* End XCConfigurationList section */

/* Begin XCRemoteSwiftPackageReference section */
		4C96426A28FFECD2001700C3 /* XCRemoteSwiftPackageReference "firebase-ios-sdk" */ = {
			isa = XCRemoteSwiftPackageReference;
			repositoryURL = "https://github.com/firebase/firebase-ios-sdk";
			requirement = {
				kind = upToNextMajorVersion;
				minimumVersion = 9.0.0;
			};
		};
/* End XCRemoteSwiftPackageReference section */

/* Begin XCSwiftPackageProductDependency section */
		4C96426B28FFECD2001700C3 /* FirebaseAnalytics */ = {
			isa = XCSwiftPackageProductDependency;
			package = 4C96426A28FFECD2001700C3 /* XCRemoteSwiftPackageReference "firebase-ios-sdk" */;
			productName = FirebaseAnalytics;
		};
		4C96426D28FFECD2001700C3 /* FirebaseAuth */ = {
			isa = XCSwiftPackageProductDependency;
			package = 4C96426A28FFECD2001700C3 /* XCRemoteSwiftPackageReference "firebase-ios-sdk" */;
			productName = FirebaseAuth;
		};
		4C96426F28FFECD2001700C3 /* FirebaseFirestore */ = {
			isa = XCSwiftPackageProductDependency;
			package = 4C96426A28FFECD2001700C3 /* XCRemoteSwiftPackageReference "firebase-ios-sdk" */;
			productName = FirebaseFirestore;
		};
/* End XCSwiftPackageProductDependency section */

/* Begin XCVersionGroup section */
		4C7FBE8328DDA4A100097D81 /* Model.xcdatamodeld */ = {
			isa = XCVersionGroup;
			children = (
				4C7FBE8428DDA4A100097D81 /* Model.xcdatamodel */,
			);
			currentVersion = 4C7FBE8428DDA4A100097D81 /* Model.xcdatamodel */;
			path = Model.xcdatamodeld;
			sourceTree = "<group>";
			versionGroupType = wrapper.xcdatamodel;
		};
/* End XCVersionGroup section */
	};
	rootObject = 4C5A729C28D4962C002C2482 /* Project object */;
}
